
Microsoft Visual Studio Solution File, Format Version 12.00
# Visual Studio Version 16
VisualStudioVersion = 25.0.1706.8
MinimumVisualStudioVersion = 10.0.40219.1
Project("{FAE04EC0-301F-11D3-BF4B-00C04F79EFBC}") = "AutoTrader", "AutoTrader\AutoTrader.csproj", "{5F382456-12D5-42DB-AF38-C583BEE1382D}"
EndProject
Project("{FAE04EC0-301F-11D3-BF4B-00C04F79EFBC}") = "AutoTrader.Model", "AutoTrader.Model\AutoTrader.Model.csproj", "{37AA80BE-CF42-4065-B4B7-3EA022B7313E}"
EndProject
Project("{FAE04EC0-301F-11D3-BF4B-00C04F79EFBC}") = "AutoTrader.Services", "AutoTrader.Services\AutoTrader.Services.csproj", "{6543AAE4-D40E-45A4-B78E-2F4E90428422}"
EndProject
Global
	GlobalSection(SolutionConfigurationPlatforms) = preSolution
		Debug|Any CPU = Debug|Any CPU
		Release|Any CPU = Release|Any CPU
	EndGlobalSection
	GlobalSection(ProjectConfigurationPlatforms) = postSolution
		{5F382456-12D5-42DB-AF38-C583BEE1382D}.Debug|Any CPU.ActiveCfg = Debug|Any CPU
		{5F382456-12D5-42DB-AF38-C583BEE1382D}.Debug|Any CPU.Build.0 = Debug|Any CPU
		{5F382456-12D5-42DB-AF38-C583BEE1382D}.Release|Any CPU.ActiveCfg = Release|Any CPU
		{5F382456-12D5-42DB-AF38-C583BEE1382D}.Release|Any CPU.Build.0 = Release|Any CPU
		{37AA80BE-CF42-4065-B4B7-3EA022B7313E}.Debug|Any CPU.ActiveCfg = Debug|Any CPU
		{37AA80BE-CF42-4065-B4B7-3EA022B7313E}.Debug|Any CPU.Build.0 = Debug|Any CPU
		{37AA80BE-CF42-4065-B4B7-3EA022B7313E}.Release|Any CPU.ActiveCfg = Release|Any CPU
		{37AA80BE-CF42-4065-B4B7-3EA022B7313E}.Release|Any CPU.Build.0 = Release|Any CPU
		{6543AAE4-D40E-45A4-B78E-2F4E90428422}.Debug|Any CPU.ActiveCfg = Debug|Any CPU
		{6543AAE4-D40E-45A4-B78E-2F4E90428422}.Debug|Any CPU.Build.0 = Debug|Any CPU
		{6543AAE4-D40E-45A4-B78E-2F4E90428422}.Release|Any CPU.ActiveCfg = Release|Any CPU
		{6543AAE4-D40E-45A4-B78E-2F4E90428422}.Release|Any CPU.Build.0 = Release|Any CPU
	EndGlobalSection
	GlobalSection(SolutionProperties) = preSolution
		HideSolutionNode = FALSE
	EndGlobalSection
	GlobalSection(ExtensibilityGlobals) = postSolution
		SolutionGuid = {9F62DAFE-DCCD-4168-9BA7-7CDD5EF81F17}
	EndGlobalSection
EndGlobal
